
Microsoft Visual Studio Solution File, Format Version 12.00
# Visual Studio 15
VisualStudioVersion = 15.0.28307.572
MinimumVisualStudioVersion = 10.0.40219.1
Project("{FAE04EC0-301F-11D3-BF4B-00C04F79EFBC}") = "MobileAppDevRepeatProject.Android", "MobileAppDevRepeatProject\MobileAppDevRepeatProject.Android\MobileAppDevRepeatProject.Android.csproj", "{24CE3C36-16B9-426D-AA0C-5961ECF8D88C}"
EndProject
Project("{FAE04EC0-301F-11D3-BF4B-00C04F79EFBC}") = "MobileAppDevRepeatProject.iOS", "MobileAppDevRepeatProject\MobileAppDevRepeatProject.iOS\MobileAppDevRepeatProject.iOS.csproj", "{1C99833D-DFA0-4AB2-97E8-0F382A7CD4C8}"
EndProject
Project("{FAE04EC0-301F-11D3-BF4B-00C04F79EFBC}") = "MobileAppDevRepeatProject.UWP", "MobileAppDevRepeatProject\MobileAppDevRepeatProject.UWP\MobileAppDevRepeatProject.UWP.csproj", "{29DCA038-32C9-424A-8E9B-7E7E9D438F59}"
EndProject
Project("{FAE04EC0-301F-11D3-BF4B-00C04F79EFBC}") = "MobileAppDevRepeatProject.MobileAppService", "MobileAppDevRepeatProject\MobileAppDevRepeatProject.MobileAppService\MobileAppDevRepeatProject.MobileAppService.csproj", "{6C64C9B3-C440-49E0-B601-0C9057645317}"
EndProject
Project("{FAE04EC0-301F-11D3-BF4B-00C04F79EFBC}") = "MobileAppDevRepeatProject", "MobileAppDevRepeatProject\MobileAppDevRepeatProject\MobileAppDevRepeatProject.csproj", "{90BA8214-DFEC-406A-AD6D-EE8C2DCA883B}"
EndProject
Global
	GlobalSection(SolutionConfigurationPlatforms) = preSolution
		Debug|Any CPU = Debug|Any CPU
		Debug|ARM = Debug|ARM
		Debug|iPhone = Debug|iPhone
		Debug|iPhoneSimulator = Debug|iPhoneSimulator
		Debug|x64 = Debug|x64
		Debug|x86 = Debug|x86
		Release|Any CPU = Release|Any CPU
		Release|ARM = Release|ARM
		Release|iPhone = Release|iPhone
		Release|iPhoneSimulator = Release|iPhoneSimulator
		Release|x64 = Release|x64
		Release|x86 = Release|x86
	EndGlobalSection
	GlobalSection(ProjectConfigurationPlatforms) = postSolution
		{24CE3C36-16B9-426D-AA0C-5961ECF8D88C}.Debug|Any CPU.ActiveCfg = Debug|Any CPU
		{24CE3C36-16B9-426D-AA0C-5961ECF8D88C}.Debug|Any CPU.Build.0 = Debug|Any CPU
		{24CE3C36-16B9-426D-AA0C-5961ECF8D88C}.Debug|Any CPU.Deploy.0 = Debug|Any CPU
		{24CE3C36-16B9-426D-AA0C-5961ECF8D88C}.Debug|ARM.ActiveCfg = Debug|Any CPU
		{24CE3C36-16B9-426D-AA0C-5961ECF8D88C}.Debug|ARM.Build.0 = Debug|Any CPU
		{24CE3C36-16B9-426D-AA0C-5961ECF8D88C}.Debug|ARM.Deploy.0 = Debug|Any CPU
		{24CE3C36-16B9-426D-AA0C-5961ECF8D88C}.Debug|iPhone.ActiveCfg = Debug|Any CPU
		{24CE3C36-16B9-426D-AA0C-5961ECF8D88C}.Debug|iPhone.Build.0 = Debug|Any CPU
		{24CE3C36-16B9-426D-AA0C-5961ECF8D88C}.Debug|iPhone.Deploy.0 = Debug|Any CPU
		{24CE3C36-16B9-426D-AA0C-5961ECF8D88C}.Debug|iPhoneSimulator.ActiveCfg = Debug|Any CPU
		{24CE3C36-16B9-426D-AA0C-5961ECF8D88C}.Debug|iPhoneSimulator.Build.0 = Debug|Any CPU
		{24CE3C36-16B9-426D-AA0C-5961ECF8D88C}.Debug|iPhoneSimulator.Deploy.0 = Debug|Any CPU
		{24CE3C36-16B9-426D-AA0C-5961ECF8D88C}.Debug|x64.ActiveCfg = Debug|Any CPU
		{24CE3C36-16B9-426D-AA0C-5961ECF8D88C}.Debug|x64.Build.0 = Debug|Any CPU
		{24CE3C36-16B9-426D-AA0C-5961ECF8D88C}.Debug|x64.Deploy.0 = Debug|Any CPU
		{24CE3C36-16B9-426D-AA0C-5961ECF8D88C}.Debug|x86.ActiveCfg = Debug|Any CPU
		{24CE3C36-16B9-426D-AA0C-5961ECF8D88C}.Debug|x86.Build.0 = Debug|Any CPU
		{24CE3C36-16B9-426D-AA0C-5961ECF8D88C}.Debug|x86.Deploy.0 = Debug|Any CPU
		{24CE3C36-16B9-426D-AA0C-5961ECF8D88C}.Release|Any CPU.ActiveCfg = Release|Any CPU
		{24CE3C36-16B9-426D-AA0C-5961ECF8D88C}.Release|Any CPU.Build.0 = Release|Any CPU
		{24CE3C36-16B9-426D-AA0C-5961ECF8D88C}.Release|Any CPU.Deploy.0 = Release|Any CPU
		{24CE3C36-16B9-426D-AA0C-5961ECF8D88C}.Release|ARM.ActiveCfg = Release|Any CPU
		{24CE3C36-16B9-426D-AA0C-5961ECF8D88C}.Release|ARM.Build.0 = Release|Any CPU
		{24CE3C36-16B9-426D-AA0C-5961ECF8D88C}.Release|ARM.Deploy.0 = Release|Any CPU
		{24CE3C36-16B9-426D-AA0C-5961ECF8D88C}.Release|iPhone.ActiveCfg = Release|Any CPU
		{24CE3C36-16B9-426D-AA0C-5961ECF8D88C}.Release|iPhone.Build.0 = Release|Any CPU
		{24CE3C36-16B9-426D-AA0C-5961ECF8D88C}.Release|iPhone.Deploy.0 = Release|Any CPU
		{24CE3C36-16B9-426D-AA0C-5961ECF8D88C}.Release|iPhoneSimulator.ActiveCfg = Release|Any CPU
		{24CE3C36-16B9-426D-AA0C-5961ECF8D88C}.Release|iPhoneSimulator.Build.0 = Release|Any CPU
		{24CE3C36-16B9-426D-AA0C-5961ECF8D88C}.Release|iPhoneSimulator.Deploy.0 = Release|Any CPU
		{24CE3C36-16B9-426D-AA0C-5961ECF8D88C}.Release|x64.ActiveCfg = Release|Any CPU
		{24CE3C36-16B9-426D-AA0C-5961ECF8D88C}.Release|x64.Build.0 = Release|Any CPU
		{24CE3C36-16B9-426D-AA0C-5961ECF8D88C}.Release|x64.Deploy.0 = Release|Any CPU
		{24CE3C36-16B9-426D-AA0C-5961ECF8D88C}.Release|x86.ActiveCfg = Release|Any CPU
		{24CE3C36-16B9-426D-AA0C-5961ECF8D88C}.Release|x86.Build.0 = Release|Any CPU
		{24CE3C36-16B9-426D-AA0C-5961ECF8D88C}.Release|x86.Deploy.0 = Release|Any CPU
		{1C99833D-DFA0-4AB2-97E8-0F382A7CD4C8}.Debug|Any CPU.ActiveCfg = Debug|iPhoneSimulator
		{1C99833D-DFA0-4AB2-97E8-0F382A7CD4C8}.Debug|Any CPU.Build.0 = Debug|iPhoneSimulator
		{1C99833D-DFA0-4AB2-97E8-0F382A7CD4C8}.Debug|Any CPU.Deploy.0 = Debug|iPhoneSimulator
		{1C99833D-DFA0-4AB2-97E8-0F382A7CD4C8}.Debug|ARM.ActiveCfg = Debug|iPhone
		{1C99833D-DFA0-4AB2-97E8-0F382A7CD4C8}.Debug|ARM.Build.0 = Debug|iPhone
		{1C99833D-DFA0-4AB2-97E8-0F382A7CD4C8}.Debug|ARM.Deploy.0 = Debug|iPhone
		{1C99833D-DFA0-4AB2-97E8-0F382A7CD4C8}.Debug|iPhone.ActiveCfg = Debug|iPhone
		{1C99833D-DFA0-4AB2-97E8-0F382A7CD4C8}.Debug|iPhone.Build.0 = Debug|iPhone
		{1C99833D-DFA0-4AB2-97E8-0F382A7CD4C8}.Debug|iPhone.Deploy.0 = Debug|iPhone
		{1C99833D-DFA0-4AB2-97E8-0F382A7CD4C8}.Debug|iPhoneSimulator.ActiveCfg = Debug|iPhoneSimulator
		{1C99833D-DFA0-4AB2-97E8-0F382A7CD4C8}.Debug|iPhoneSimulator.Build.0 = Debug|iPhoneSimulator
		{1C99833D-DFA0-4AB2-97E8-0F382A7CD4C8}.Debug|iPhoneSimulator.Deploy.0 = Debug|iPhoneSimulator
		{1C99833D-DFA0-4AB2-97E8-0F382A7CD4C8}.Debug|x64.ActiveCfg = Debug|iPhone
		{1C99833D-DFA0-4AB2-97E8-0F382A7CD4C8}.Debug|x64.Build.0 = Debug|iPhone
		{1C99833D-DFA0-4AB2-97E8-0F382A7CD4C8}.Debug|x64.Deploy.0 = Debug|iPhone
		{1C99833D-DFA0-4AB2-97E8-0F382A7CD4C8}.Debug|x86.ActiveCfg = Debug|iPhone
		{1C99833D-DFA0-4AB2-97E8-0F382A7CD4C8}.Debug|x86.Build.0 = Debug|iPhone
		{1C99833D-DFA0-4AB2-97E8-0F382A7CD4C8}.Debug|x86.Deploy.0 = Debug|iPhone
		{1C99833D-DFA0-4AB2-97E8-0F382A7CD4C8}.Release|Any CPU.ActiveCfg = Release|iPhone
		{1C99833D-DFA0-4AB2-97E8-0F382A7CD4C8}.Release|Any CPU.Build.0 = Release|iPhone
		{1C99833D-DFA0-4AB2-97E8-0F382A7CD4C8}.Release|Any CPU.Deploy.0 = Release|iPhone
		{1C99833D-DFA0-4AB2-97E8-0F382A7CD4C8}.Release|ARM.ActiveCfg = Release|iPhone
		{1C99833D-DFA0-4AB2-97E8-0F382A7CD4C8}.Release|ARM.Build.0 = Release|iPhone
		{1C99833D-DFA0-4AB2-97E8-0F382A7CD4C8}.Release|ARM.Deploy.0 = Release|iPhone
		{1C99833D-DFA0-4AB2-97E8-0F382A7CD4C8}.Release|iPhone.ActiveCfg = Release|iPhone
		{1C99833D-DFA0-4AB2-97E8-0F382A7CD4C8}.Release|iPhone.Build.0 = Release|iPhone
		{1C99833D-DFA0-4AB2-97E8-0F382A7CD4C8}.Release|iPhone.Deploy.0 = Release|iPhone
		{1C99833D-DFA0-4AB2-97E8-0F382A7CD4C8}.Release|iPhoneSimulator.ActiveCfg = Release|iPhoneSimulator
		{1C99833D-DFA0-4AB2-97E8-0F382A7CD4C8}.Release|iPhoneSimulator.Build.0 = Release|iPhoneSimulator
		{1C99833D-DFA0-4AB2-97E8-0F382A7CD4C8}.Release|iPhoneSimulator.Deploy.0 = Release|iPhoneSimulator
		{1C99833D-DFA0-4AB2-97E8-0F382A7CD4C8}.Release|x64.ActiveCfg = Release|iPhone
		{1C99833D-DFA0-4AB2-97E8-0F382A7CD4C8}.Release|x64.Build.0 = Release|iPhone
		{1C99833D-DFA0-4AB2-97E8-0F382A7CD4C8}.Release|x64.Deploy.0 = Release|iPhone
		{1C99833D-DFA0-4AB2-97E8-0F382A7CD4C8}.Release|x86.ActiveCfg = Release|iPhone
		{1C99833D-DFA0-4AB2-97E8-0F382A7CD4C8}.Release|x86.Build.0 = Release|iPhone
		{1C99833D-DFA0-4AB2-97E8-0F382A7CD4C8}.Release|x86.Deploy.0 = Release|iPhone
		{29DCA038-32C9-424A-8E9B-7E7E9D438F59}.Debug|Any CPU.ActiveCfg = Debug|x86
		{29DCA038-32C9-424A-8E9B-7E7E9D438F59}.Debug|Any CPU.Build.0 = Debug|x86
		{29DCA038-32C9-424A-8E9B-7E7E9D438F59}.Debug|Any CPU.Deploy.0 = Debug|x86
		{29DCA038-32C9-424A-8E9B-7E7E9D438F59}.Debug|ARM.ActiveCfg = Debug|ARM
		{29DCA038-32C9-424A-8E9B-7E7E9D438F59}.Debug|ARM.Build.0 = Debug|ARM
		{29DCA038-32C9-424A-8E9B-7E7E9D438F59}.Debug|ARM.Deploy.0 = Debug|ARM
		{29DCA038-32C9-424A-8E9B-7E7E9D438F59}.Debug|iPhone.ActiveCfg = Debug|x86
		{29DCA038-32C9-424A-8E9B-7E7E9D438F59}.Debug|iPhone.Build.0 = Debug|x86
		{29DCA038-32C9-424A-8E9B-7E7E9D438F59}.Debug|iPhone.Deploy.0 = Debug|x86
		{29DCA038-32C9-424A-8E9B-7E7E9D438F59}.Debug|iPhoneSimulator.ActiveCfg = Debug|x86
		{29DCA038-32C9-424A-8E9B-7E7E9D438F59}.Debug|iPhoneSimulator.Build.0 = Debug|x86
		{29DCA038-32C9-424A-8E9B-7E7E9D438F59}.Debug|iPhoneSimulator.Deploy.0 = Debug|x86
		{29DCA038-32C9-424A-8E9B-7E7E9D438F59}.Debug|x64.ActiveCfg = Debug|x64
		{29DCA038-32C9-424A-8E9B-7E7E9D438F59}.Debug|x64.Build.0 = Debug|x64
		{29DCA038-32C9-424A-8E9B-7E7E9D438F59}.Debug|x64.Deploy.0 = Debug|x64
		{29DCA038-32C9-424A-8E9B-7E7E9D438F59}.Debug|x86.ActiveCfg = Debug|x86
		{29DCA038-32C9-424A-8E9B-7E7E9D438F59}.Debug|x86.Build.0 = Debug|x86
		{29DCA038-32C9-424A-8E9B-7E7E9D438F59}.Debug|x86.Deploy.0 = Debug|x86
		{29DCA038-32C9-424A-8E9B-7E7E9D438F59}.Release|Any CPU.ActiveCfg = Release|x86
		{29DCA038-32C9-424A-8E9B-7E7E9D438F59}.Release|Any CPU.Build.0 = Release|x86
		{29DCA038-32C9-424A-8E9B-7E7E9D438F59}.Release|Any CPU.Deploy.0 = Release|x86
		{29DCA038-32C9-424A-8E9B-7E7E9D438F59}.Release|ARM.ActiveCfg = Release|ARM
		{29DCA038-32C9-424A-8E9B-7E7E9D438F59}.Release|ARM.Build.0 = Release|ARM
		{29DCA038-32C9-424A-8E9B-7E7E9D438F59}.Release|ARM.Deploy.0 = Release|ARM
		{29DCA038-32C9-424A-8E9B-7E7E9D438F59}.Release|iPhone.ActiveCfg = Release|x86
		{29DCA038-32C9-424A-8E9B-7E7E9D438F59}.Release|iPhone.Build.0 = Release|x86
		{29DCA038-32C9-424A-8E9B-7E7E9D438F59}.Release|iPhone.Deploy.0 = Release|x86
		{29DCA038-32C9-424A-8E9B-7E7E9D438F59}.Release|iPhoneSimulator.ActiveCfg = Release|x86
		{29DCA038-32C9-424A-8E9B-7E7E9D438F59}.Release|iPhoneSimulator.Build.0 = Release|x86
		{29DCA038-32C9-424A-8E9B-7E7E9D438F59}.Release|iPhoneSimulator.Deploy.0 = Release|x86
		{29DCA038-32C9-424A-8E9B-7E7E9D438F59}.Release|x64.ActiveCfg = Release|x64
		{29DCA038-32C9-424A-8E9B-7E7E9D438F59}.Release|x64.Build.0 = Release|x64
		{29DCA038-32C9-424A-8E9B-7E7E9D438F59}.Release|x64.Deploy.0 = Release|x64
		{29DCA038-32C9-424A-8E9B-7E7E9D438F59}.Release|x86.ActiveCfg = Release|x86
		{29DCA038-32C9-424A-8E9B-7E7E9D438F59}.Release|x86.Build.0 = Release|x86
		{29DCA038-32C9-424A-8E9B-7E7E9D438F59}.Release|x86.Deploy.0 = Release|x86
		{6C64C9B3-C440-49E0-B601-0C9057645317}.Debug|Any CPU.ActiveCfg = Debug|Any CPU
		{6C64C9B3-C440-49E0-B601-0C9057645317}.Debug|Any CPU.Build.0 = Debug|Any CPU
		{6C64C9B3-C440-49E0-B601-0C9057645317}.Debug|Any CPU.Deploy.0 = Debug|Any CPU
		{6C64C9B3-C440-49E0-B601-0C9057645317}.Debug|ARM.ActiveCfg = Debug|Any CPU
		{6C64C9B3-C440-49E0-B601-0C9057645317}.Debug|ARM.Build.0 = Debug|Any CPU
		{6C64C9B3-C440-49E0-B601-0C9057645317}.Debug|ARM.Deploy.0 = Debug|Any CPU
		{6C64C9B3-C440-49E0-B601-0C9057645317}.Debug|iPhone.ActiveCfg = Debug|Any CPU
		{6C64C9B3-C440-49E0-B601-0C9057645317}.Debug|iPhone.Build.0 = Debug|Any CPU
		{6C64C9B3-C440-49E0-B601-0C9057645317}.Debug|iPhone.Deploy.0 = Debug|Any CPU
		{6C64C9B3-C440-49E0-B601-0C9057645317}.Debug|iPhoneSimulator.ActiveCfg = Debug|Any CPU
		{6C64C9B3-C440-49E0-B601-0C9057645317}.Debug|iPhoneSimulator.Build.0 = Debug|Any CPU
		{6C64C9B3-C440-49E0-B601-0C9057645317}.Debug|iPhoneSimulator.Deploy.0 = Debug|Any CPU
		{6C64C9B3-C440-49E0-B601-0C9057645317}.Debug|x64.ActiveCfg = Debug|Any CPU
		{6C64C9B3-C440-49E0-B601-0C9057645317}.Debug|x64.Build.0 = Debug|Any CPU
		{6C64C9B3-C440-49E0-B601-0C9057645317}.Debug|x64.Deploy.0 = Debug|Any CPU
		{6C64C9B3-C440-49E0-B601-0C9057645317}.Debug|x86.ActiveCfg = Debug|Any CPU
		{6C64C9B3-C440-49E0-B601-0C9057645317}.Debug|x86.Build.0 = Debug|Any CPU
		{6C64C9B3-C440-49E0-B601-0C9057645317}.Debug|x86.Deploy.0 = Debug|Any CPU
		{6C64C9B3-C440-49E0-B601-0C9057645317}.Release|Any CPU.ActiveCfg = Release|Any CPU
		{6C64C9B3-C440-49E0-B601-0C9057645317}.Release|Any CPU.Build.0 = Release|Any CPU
		{6C64C9B3-C440-49E0-B601-0C9057645317}.Release|Any CPU.Deploy.0 = Release|Any CPU
		{6C64C9B3-C440-49E0-B601-0C9057645317}.Release|ARM.ActiveCfg = Release|Any CPU
		{6C64C9B3-C440-49E0-B601-0C9057645317}.Release|ARM.Build.0 = Release|Any CPU
		{6C64C9B3-C440-49E0-B601-0C9057645317}.Release|ARM.Deploy.0 = Release|Any CPU
		{6C64C9B3-C440-49E0-B601-0C9057645317}.Release|iPhone.ActiveCfg = Release|Any CPU
		{6C64C9B3-C440-49E0-B601-0C9057645317}.Release|iPhone.Build.0 = Release|Any CPU
		{6C64C9B3-C440-49E0-B601-0C9057645317}.Release|iPhone.Deploy.0 = Release|Any CPU
		{6C64C9B3-C440-49E0-B601-0C9057645317}.Release|iPhoneSimulator.ActiveCfg = Release|Any CPU
		{6C64C9B3-C440-49E0-B601-0C9057645317}.Release|iPhoneSimulator.Build.0 = Release|Any CPU
		{6C64C9B3-C440-49E0-B601-0C9057645317}.Release|iPhoneSimulator.Deploy.0 = Release|Any CPU
		{6C64C9B3-C440-49E0-B601-0C9057645317}.Release|x64.ActiveCfg = Release|Any CPU
		{6C64C9B3-C440-49E0-B601-0C9057645317}.Release|x64.Build.0 = Release|Any CPU
		{6C64C9B3-C440-49E0-B601-0C9057645317}.Release|x64.Deploy.0 = Release|Any CPU
		{6C64C9B3-C440-49E0-B601-0C9057645317}.Release|x86.ActiveCfg = Release|Any CPU
		{6C64C9B3-C440-49E0-B601-0C9057645317}.Release|x86.Build.0 = Release|Any CPU
		{6C64C9B3-C440-49E0-B601-0C9057645317}.Release|x86.Deploy.0 = Release|Any CPU
		{90BA8214-DFEC-406A-AD6D-EE8C2DCA883B}.Debug|Any CPU.ActiveCfg = Debug|Any CPU
		{90BA8214-DFEC-406A-AD6D-EE8C2DCA883B}.Debug|Any CPU.Build.0 = Debug|Any CPU
		{90BA8214-DFEC-406A-AD6D-EE8C2DCA883B}.Debug|Any CPU.Deploy.0 = Debug|Any CPU
		{90BA8214-DFEC-406A-AD6D-EE8C2DCA883B}.Debug|ARM.ActiveCfg = Debug|Any CPU
		{90BA8214-DFEC-406A-AD6D-EE8C2DCA883B}.Debug|ARM.Build.0 = Debug|Any CPU
		{90BA8214-DFEC-406A-AD6D-EE8C2DCA883B}.Debug|ARM.Deploy.0 = Debug|Any CPU
		{90BA8214-DFEC-406A-AD6D-EE8C2DCA883B}.Debug|iPhone.ActiveCfg = Debug|Any CPU
		{90BA8214-DFEC-406A-AD6D-EE8C2DCA883B}.Debug|iPhone.Build.0 = Debug|Any CPU
		{90BA8214-DFEC-406A-AD6D-EE8C2DCA883B}.Debug|iPhone.Deploy.0 = Debug|Any CPU
		{90BA8214-DFEC-406A-AD6D-EE8C2DCA883B}.Debug|iPhoneSimulator.ActiveCfg = Debug|Any CPU
		{90BA8214-DFEC-406A-AD6D-EE8C2DCA883B}.Debug|iPhoneSimulator.Build.0 = Debug|Any CPU
		{90BA8214-DFEC-406A-AD6D-EE8C2DCA883B}.Debug|iPhoneSimulator.Deploy.0 = Debug|Any CPU
		{90BA8214-DFEC-406A-AD6D-EE8C2DCA883B}.Debug|x64.ActiveCfg = Debug|Any CPU
		{90BA8214-DFEC-406A-AD6D-EE8C2DCA883B}.Debug|x64.Build.0 = Debug|Any CPU
		{90BA8214-DFEC-406A-AD6D-EE8C2DCA883B}.Debug|x64.Deploy.0 = Debug|Any CPU
		{90BA8214-DFEC-406A-AD6D-EE8C2DCA883B}.Debug|x86.ActiveCfg = Debug|Any CPU
		{90BA8214-DFEC-406A-AD6D-EE8C2DCA883B}.Debug|x86.Build.0 = Debug|Any CPU
		{90BA8214-DFEC-406A-AD6D-EE8C2DCA883B}.Debug|x86.Deploy.0 = Debug|Any CPU
		{90BA8214-DFEC-406A-AD6D-EE8C2DCA883B}.Release|Any CPU.ActiveCfg = Release|Any CPU
		{90BA8214-DFEC-406A-AD6D-EE8C2DCA883B}.Release|Any CPU.Build.0 = Release|Any CPU
		{90BA8214-DFEC-406A-AD6D-EE8C2DCA883B}.Release|Any CPU.Deploy.0 = Release|Any CPU
		{90BA8214-DFEC-406A-AD6D-EE8C2DCA883B}.Release|ARM.ActiveCfg = Release|Any CPU
		{90BA8214-DFEC-406A-AD6D-EE8C2DCA883B}.Release|ARM.Build.0 = Release|Any CPU
		{90BA8214-DFEC-406A-AD6D-EE8C2DCA883B}.Release|ARM.Deploy.0 = Release|Any CPU
		{90BA8214-DFEC-406A-AD6D-EE8C2DCA883B}.Release|iPhone.ActiveCfg = Release|Any CPU
		{90BA8214-DFEC-406A-AD6D-EE8C2DCA883B}.Release|iPhone.Build.0 = Release|Any CPU
		{90BA8214-DFEC-406A-AD6D-EE8C2DCA883B}.Release|iPhone.Deploy.0 = Release|Any CPU
		{90BA8214-DFEC-406A-AD6D-EE8C2DCA883B}.Release|iPhoneSimulator.ActiveCfg = Release|Any CPU
		{90BA8214-DFEC-406A-AD6D-EE8C2DCA883B}.Release|iPhoneSimulator.Build.0 = Release|Any CPU
		{90BA8214-DFEC-406A-AD6D-EE8C2DCA883B}.Release|iPhoneSimulator.Deploy.0 = Release|Any CPU
		{90BA8214-DFEC-406A-AD6D-EE8C2DCA883B}.Release|x64.ActiveCfg = Release|Any CPU
		{90BA8214-DFEC-406A-AD6D-EE8C2DCA883B}.Release|x64.Build.0 = Release|Any CPU
		{90BA8214-DFEC-406A-AD6D-EE8C2DCA883B}.Release|x64.Deploy.0 = Release|Any CPU
		{90BA8214-DFEC-406A-AD6D-EE8C2DCA883B}.Release|x86.ActiveCfg = Release|Any CPU
		{90BA8214-DFEC-406A-AD6D-EE8C2DCA883B}.Release|x86.Build.0 = Release|Any CPU
		{90BA8214-DFEC-406A-AD6D-EE8C2DCA883B}.Release|x86.Deploy.0 = Release|Any CPU
	EndGlobalSection
	GlobalSection(SolutionProperties) = preSolution
		HideSolutionNode = FALSE
	EndGlobalSection
	GlobalSection(ExtensibilityGlobals) = postSolution
		SolutionGuid = {A8C782F6-B50C-4A1E-A5FB-189C68F32DD4}
	EndGlobalSection
EndGlobal
